
Microsoft Visual Studio Solution File, Format Version 12.00
Project("{FAE04EC0-301F-11D3-BF4B-00C04F79EFBC}") = "App", "App\App.csproj", "{7F120FBE-403C-405B-B154-B9015E23916F}"
EndProject
Global
	GlobalSection(SolutionConfigurationPlatforms) = preSolution
		Debug|Any CPU = Debug|Any CPU
		Release|Any CPU = Release|Any CPU
	EndGlobalSection
	GlobalSection(ProjectConfigurationPlatforms) = postSolution
		{7F120FBE-403C-405B-B154-B9015E23916F}.Debug|Any CPU.ActiveCfg = Debug|Any CPU
		{7F120FBE-403C-405B-B154-B9015E23916F}.Debug|Any CPU.Build.0 = Debug|Any CPU
		{7F120FBE-403C-405B-B154-B9015E23916F}.Release|Any CPU.ActiveCfg = Release|Any CPU
		{7F120FBE-403C-405B-B154-B9015E23916F}.Release|Any CPU.Build.0 = Release|Any CPU
	EndGlobalSection
EndGlobal
